<?xml version="1.0" encoding="utf-8"?>
<Project ToolsVersion="4.0" xmlns="http://schemas.microsoft.com/developer/msbuild/2003">
  <ItemGroup>
    <Filter Include="BusinessLogicLayer">
      <UniqueIdentifier>{297c673d-bb4e-4e27-b1b2-2f14171b9905}</UniqueIdentifier>
    </Filter>
    <Filter Include="DataAccessLayer">
      <UniqueIdentifier>{35146000-1bce-42f3-8607-d2223ea715f0}</UniqueIdentifier>
    </Filter>
    <Filter Include="PresentationLayer">
      <UniqueIdentifier>{93995380-89BD-4b04-88EB-625FBE52EBFB}</UniqueIdentifier>
      <Extensions>h;hh;hpp;hxx;h++;hm;inl;inc;ipp;xsd</Extensions>
    </Filter>
    <Filter Include="Resources">
      <UniqueIdentifier>{67DA6AB6-F800-4c08-8B7A-83BB121AAD01}</UniqueIdentifier>
      <Extensions>rc;ico;cur;bmp;dlg;rc2;rct;bin;rgs;gif;jpg;jpeg;jpe;resx;tiff;tif;png;wav;mfcribbon-ms</Extensions>
    </Filter>
  </ItemGroup>
  <ItemGroup>
    <ClCompile Include="BusinessLogic.cpp">
      <Filter>BusinessLogicLayer</Filter>
    </ClCompile>
    <ClCompile Include="DataAccess.cpp">
      <Filter>DataAccessLayer</Filter>
    </ClCompile>
    <ClCompile Include="main.cpp" />
    <ClCompile Include="MyForm.cpp">
      <Filter>PresentationLayer</Filter>
    </ClCompile>
  </ItemGroup>
  <ItemGroup>
    <ClInclude Include="MyForm.h">
      <Filter>PresentationLayer</Filter>
    </ClInclude>
    <ClInclude Include="BusinessLogic.h">
      <Filter>BusinessLogicLayer</Filter>
    </ClInclude>
    <ClInclude Include="DataAccess.h">
      <Filter>DataAccessLayer</Filter>
    </ClInclude>
  </ItemGroup>
  <ItemGroup>
    <EmbeddedResource Include="MyForm.en.resx">
      <Filter>Resources</Filter>
    </EmbeddedResource>
    <EmbeddedResource Include="MyForm.es.resx">
      <Filter>Resources</Filter>
    </EmbeddedResource>
    <EmbeddedResource Include="MyForm.resx">
      <Filter>Resources</Filter>
    </EmbeddedResource>
  </ItemGroup>
</Project>